
Microsoft Visual Studio Solution File, Format Version 12.00
# Visual Studio 14
VisualStudioVersion = 14.0.25420.1
MinimumVisualStudioVersion = 10.0.40219.1
Project("{2150E333-8FDC-42A3-9474-1A3956D46DE8}") = "src", "src", "{B4E6A97E-4C46-4697-98B9-F3DD7C687DC0}"
EndProject
Project("{2150E333-8FDC-42A3-9474-1A3956D46DE8}") = "Solution Items", "Solution Items", "{6CC2D592-9B7D-48E8-9C6D-5286341C0190}"
	ProjectSection(SolutionItems) = preProject
		global.json = global.json
	EndProjectSection
EndProject
Project("{8BB2217D-0F2D-49D1-97BC-3654ED321F3B}") = "Kalkulator", "src\Kalkulator\Kalkulator.xproj", "{C54C6357-1DC2-4D9A-95DA-FC2EC95DE7C3}"
EndProject
Global
	GlobalSection(SolutionConfigurationPlatforms) = preSolution
		Debug|Any CPU = Debug|Any CPU
		Release|Any CPU = Release|Any CPU
	EndGlobalSection
	GlobalSection(ProjectConfigurationPlatforms) = postSolution
		{C54C6357-1DC2-4D9A-95DA-FC2EC95DE7C3}.Debug|Any CPU.ActiveCfg = Debug|Any CPU
		{C54C6357-1DC2-4D9A-95DA-FC2EC95DE7C3}.Debug|Any CPU.Build.0 = Debug|Any CPU
		{C54C6357-1DC2-4D9A-95DA-FC2EC95DE7C3}.Release|Any CPU.ActiveCfg = Release|Any CPU
		{C54C6357-1DC2-4D9A-95DA-FC2EC95DE7C3}.Release|Any CPU.Build.0 = Release|Any CPU
	EndGlobalSection
	GlobalSection(SolutionProperties) = preSolution
		HideSolutionNode = FALSE
	EndGlobalSection
	GlobalSection(NestedProjects) = preSolution
		{C54C6357-1DC2-4D9A-95DA-FC2EC95DE7C3} = {B4E6A97E-4C46-4697-98B9-F3DD7C687DC0}
	EndGlobalSection
EndGlobal
